
Microsoft Visual Studio Solution File, Format Version 11.00
# Visual Studio 2010
Project("{FAE04EC0-301F-11D3-BF4B-00C04F79EFBC}") = "Common", "Common\Common.csproj", "{7FA1A995-EDA9-4F2F-828E-B8018011E9C6}"
EndProject
Project("{FAE04EC0-301F-11D3-BF4B-00C04F79EFBC}") = "Tests", "Tests\Tests.csproj", "{191C971D-2F1B-47F9-ABC6-3A0CBA2065AB}"
EndProject
Project("{FAE04EC0-301F-11D3-BF4B-00C04F79EFBC}") = "Model", "Model\Model.csproj", "{1995DB1D-2B57-49B3-BD4A-AD7FDFCF47CD}"
EndProject
Project("{2150E333-8FDC-42A3-9474-1A3956D46DE8}") = "Solution Items", "Solution Items", "{DC1659C9-5C0A-45E1-9DEA-81425B8FA14C}"
	ProjectSection(SolutionItems) = preProject
		To Do.txt = To Do.txt
	EndProjectSection
EndProject
Project("{FAE04EC0-301F-11D3-BF4B-00C04F79EFBC}") = "MapViewer", "MapViewer\MapViewer.csproj", "{94F0165C-81F4-4C28-8745-1C60129E6772}"
EndProject
Project("{2150E333-8FDC-42A3-9474-1A3956D46DE8}") = "Libraries", "Libraries", "{C1A54428-1B3A-4D9D-A0F3-42F78587EE57}"
EndProject
Project("{2150E333-8FDC-42A3-9474-1A3956D46DE8}") = "Applications", "Applications", "{63D336CD-8579-4479-8DD7-11CC2B6F0AE5}"
EndProject
Project("{2150E333-8FDC-42A3-9474-1A3956D46DE8}") = "Deployment", "Deployment", "{22C909AE-5A04-4249-B2E8-46250FF39E49}"
EndProject
Project("{54435603-DBB4-11D2-8724-00A0C9A8B90C}") = "SetupTests", "Deployment\SetupTests.vdproj", "{C9814175-EC54-495A-9D9E-BAF09E03D081}"
	ProjectSection(ProjectDependencies) = postProject
		{1995DB1D-2B57-49B3-BD4A-AD7FDFCF47CD} = {1995DB1D-2B57-49B3-BD4A-AD7FDFCF47CD}
		{A6C5392A-EEEB-4B86-AC83-F424F74A77FF} = {A6C5392A-EEEB-4B86-AC83-F424F74A77FF}
		{94F0165C-81F4-4C28-8745-1C60129E6772} = {94F0165C-81F4-4C28-8745-1C60129E6772}
		{7FA1A995-EDA9-4F2F-828E-B8018011E9C6} = {7FA1A995-EDA9-4F2F-828E-B8018011E9C6}
	EndProjectSection
EndProject
Project("{FAE04EC0-301F-11D3-BF4B-00C04F79EFBC}") = "Scripting", "Scripting\Scripting.csproj", "{A6C5392A-EEEB-4B86-AC83-F424F74A77FF}"
	ProjectSection(ProjectDependencies) = postProject
		{7FA1A995-EDA9-4F2F-828E-B8018011E9C6} = {7FA1A995-EDA9-4F2F-828E-B8018011E9C6}
	EndProjectSection
EndProject
Global
	GlobalSection(SolutionConfigurationPlatforms) = preSolution
		Debug|Any CPU = Debug|Any CPU
		Debug|Mixed Platforms = Debug|Mixed Platforms
		Debug|x86 = Debug|x86
		Release|Any CPU = Release|Any CPU
		Release|Mixed Platforms = Release|Mixed Platforms
		Release|x86 = Release|x86
	EndGlobalSection
	GlobalSection(ProjectConfigurationPlatforms) = postSolution
		{7FA1A995-EDA9-4F2F-828E-B8018011E9C6}.Debug|Any CPU.ActiveCfg = Debug|Any CPU
		{7FA1A995-EDA9-4F2F-828E-B8018011E9C6}.Debug|Any CPU.Build.0 = Debug|Any CPU
		{7FA1A995-EDA9-4F2F-828E-B8018011E9C6}.Debug|Mixed Platforms.ActiveCfg = Debug|Any CPU
		{7FA1A995-EDA9-4F2F-828E-B8018011E9C6}.Debug|Mixed Platforms.Build.0 = Debug|Any CPU
		{7FA1A995-EDA9-4F2F-828E-B8018011E9C6}.Debug|x86.ActiveCfg = Debug|x86
		{7FA1A995-EDA9-4F2F-828E-B8018011E9C6}.Debug|x86.Build.0 = Debug|x86
		{7FA1A995-EDA9-4F2F-828E-B8018011E9C6}.Release|Any CPU.ActiveCfg = Release|Any CPU
		{7FA1A995-EDA9-4F2F-828E-B8018011E9C6}.Release|Any CPU.Build.0 = Release|Any CPU
		{7FA1A995-EDA9-4F2F-828E-B8018011E9C6}.Release|Mixed Platforms.ActiveCfg = Release|Any CPU
		{7FA1A995-EDA9-4F2F-828E-B8018011E9C6}.Release|Mixed Platforms.Build.0 = Release|Any CPU
		{7FA1A995-EDA9-4F2F-828E-B8018011E9C6}.Release|x86.ActiveCfg = Release|x86
		{7FA1A995-EDA9-4F2F-828E-B8018011E9C6}.Release|x86.Build.0 = Release|x86
		{191C971D-2F1B-47F9-ABC6-3A0CBA2065AB}.Debug|Any CPU.ActiveCfg = Debug|Any CPU
		{191C971D-2F1B-47F9-ABC6-3A0CBA2065AB}.Debug|Any CPU.Build.0 = Debug|Any CPU
		{191C971D-2F1B-47F9-ABC6-3A0CBA2065AB}.Debug|Mixed Platforms.ActiveCfg = Debug|Any CPU
		{191C971D-2F1B-47F9-ABC6-3A0CBA2065AB}.Debug|Mixed Platforms.Build.0 = Debug|Any CPU
		{191C971D-2F1B-47F9-ABC6-3A0CBA2065AB}.Debug|x86.ActiveCfg = Debug|x86
		{191C971D-2F1B-47F9-ABC6-3A0CBA2065AB}.Debug|x86.Build.0 = Debug|x86
		{191C971D-2F1B-47F9-ABC6-3A0CBA2065AB}.Release|Any CPU.ActiveCfg = Release|Any CPU
		{191C971D-2F1B-47F9-ABC6-3A0CBA2065AB}.Release|Any CPU.Build.0 = Release|Any CPU
		{191C971D-2F1B-47F9-ABC6-3A0CBA2065AB}.Release|Mixed Platforms.ActiveCfg = Release|Any CPU
		{191C971D-2F1B-47F9-ABC6-3A0CBA2065AB}.Release|Mixed Platforms.Build.0 = Release|Any CPU
		{191C971D-2F1B-47F9-ABC6-3A0CBA2065AB}.Release|x86.ActiveCfg = Release|x86
		{191C971D-2F1B-47F9-ABC6-3A0CBA2065AB}.Release|x86.Build.0 = Release|x86
		{1995DB1D-2B57-49B3-BD4A-AD7FDFCF47CD}.Debug|Any CPU.ActiveCfg = Debug|Any CPU
		{1995DB1D-2B57-49B3-BD4A-AD7FDFCF47CD}.Debug|Any CPU.Build.0 = Debug|Any CPU
		{1995DB1D-2B57-49B3-BD4A-AD7FDFCF47CD}.Debug|Mixed Platforms.ActiveCfg = Debug|Any CPU
		{1995DB1D-2B57-49B3-BD4A-AD7FDFCF47CD}.Debug|Mixed Platforms.Build.0 = Debug|Any CPU
		{1995DB1D-2B57-49B3-BD4A-AD7FDFCF47CD}.Debug|x86.ActiveCfg = Debug|Any CPU
		{1995DB1D-2B57-49B3-BD4A-AD7FDFCF47CD}.Release|Any CPU.ActiveCfg = Release|Any CPU
		{1995DB1D-2B57-49B3-BD4A-AD7FDFCF47CD}.Release|Any CPU.Build.0 = Release|Any CPU
		{1995DB1D-2B57-49B3-BD4A-AD7FDFCF47CD}.Release|Mixed Platforms.ActiveCfg = Release|Any CPU
		{1995DB1D-2B57-49B3-BD4A-AD7FDFCF47CD}.Release|Mixed Platforms.Build.0 = Release|Any CPU
		{1995DB1D-2B57-49B3-BD4A-AD7FDFCF47CD}.Release|x86.ActiveCfg = Release|Any CPU
		{94F0165C-81F4-4C28-8745-1C60129E6772}.Debug|Any CPU.ActiveCfg = Debug|Any CPU
		{94F0165C-81F4-4C28-8745-1C60129E6772}.Debug|Any CPU.Build.0 = Debug|Any CPU
		{94F0165C-81F4-4C28-8745-1C60129E6772}.Debug|Mixed Platforms.ActiveCfg = Debug|Any CPU
		{94F0165C-81F4-4C28-8745-1C60129E6772}.Debug|Mixed Platforms.Build.0 = Debug|Any CPU
		{94F0165C-81F4-4C28-8745-1C60129E6772}.Debug|x86.ActiveCfg = Debug|Any CPU
		{94F0165C-81F4-4C28-8745-1C60129E6772}.Release|Any CPU.ActiveCfg = Release|Any CPU
		{94F0165C-81F4-4C28-8745-1C60129E6772}.Release|Any CPU.Build.0 = Release|Any CPU
		{94F0165C-81F4-4C28-8745-1C60129E6772}.Release|Mixed Platforms.ActiveCfg = Release|Any CPU
		{94F0165C-81F4-4C28-8745-1C60129E6772}.Release|Mixed Platforms.Build.0 = Release|Any CPU
		{94F0165C-81F4-4C28-8745-1C60129E6772}.Release|x86.ActiveCfg = Release|Any CPU
		{C9814175-EC54-495A-9D9E-BAF09E03D081}.Debug|Any CPU.ActiveCfg = Debug
		{C9814175-EC54-495A-9D9E-BAF09E03D081}.Debug|Mixed Platforms.ActiveCfg = Debug
		{C9814175-EC54-495A-9D9E-BAF09E03D081}.Debug|x86.ActiveCfg = Debug
		{C9814175-EC54-495A-9D9E-BAF09E03D081}.Debug|x86.Build.0 = Debug
		{C9814175-EC54-495A-9D9E-BAF09E03D081}.Release|Any CPU.ActiveCfg = Release
		{C9814175-EC54-495A-9D9E-BAF09E03D081}.Release|Any CPU.Build.0 = Release
		{C9814175-EC54-495A-9D9E-BAF09E03D081}.Release|Mixed Platforms.ActiveCfg = Release
		{C9814175-EC54-495A-9D9E-BAF09E03D081}.Release|Mixed Platforms.Build.0 = Release
		{C9814175-EC54-495A-9D9E-BAF09E03D081}.Release|x86.ActiveCfg = Release
		{C9814175-EC54-495A-9D9E-BAF09E03D081}.Release|x86.Build.0 = Release
		{A6C5392A-EEEB-4B86-AC83-F424F74A77FF}.Debug|Any CPU.ActiveCfg = Debug|Any CPU
		{A6C5392A-EEEB-4B86-AC83-F424F74A77FF}.Debug|Any CPU.Build.0 = Debug|Any CPU
		{A6C5392A-EEEB-4B86-AC83-F424F74A77FF}.Debug|Mixed Platforms.ActiveCfg = Debug|Any CPU
		{A6C5392A-EEEB-4B86-AC83-F424F74A77FF}.Debug|Mixed Platforms.Build.0 = Debug|Any CPU
		{A6C5392A-EEEB-4B86-AC83-F424F74A77FF}.Debug|x86.ActiveCfg = Debug|Any CPU
		{A6C5392A-EEEB-4B86-AC83-F424F74A77FF}.Release|Any CPU.ActiveCfg = Release|Any CPU
		{A6C5392A-EEEB-4B86-AC83-F424F74A77FF}.Release|Any CPU.Build.0 = Release|Any CPU
		{A6C5392A-EEEB-4B86-AC83-F424F74A77FF}.Release|Mixed Platforms.ActiveCfg = Release|Any CPU
		{A6C5392A-EEEB-4B86-AC83-F424F74A77FF}.Release|Mixed Platforms.Build.0 = Release|Any CPU
		{A6C5392A-EEEB-4B86-AC83-F424F74A77FF}.Release|x86.ActiveCfg = Release|Any CPU
	EndGlobalSection
	GlobalSection(SolutionProperties) = preSolution
		HideSolutionNode = FALSE
	EndGlobalSection
	GlobalSection(NestedProjects) = preSolution
		{1995DB1D-2B57-49B3-BD4A-AD7FDFCF47CD} = {C1A54428-1B3A-4D9D-A0F3-42F78587EE57}
		{94F0165C-81F4-4C28-8745-1C60129E6772} = {C1A54428-1B3A-4D9D-A0F3-42F78587EE57}
		{7FA1A995-EDA9-4F2F-828E-B8018011E9C6} = {C1A54428-1B3A-4D9D-A0F3-42F78587EE57}
		{A6C5392A-EEEB-4B86-AC83-F424F74A77FF} = {C1A54428-1B3A-4D9D-A0F3-42F78587EE57}
		{191C971D-2F1B-47F9-ABC6-3A0CBA2065AB} = {63D336CD-8579-4479-8DD7-11CC2B6F0AE5}
		{C9814175-EC54-495A-9D9E-BAF09E03D081} = {22C909AE-5A04-4249-B2E8-46250FF39E49}
	EndGlobalSection
EndGlobal
